
Microsoft Visual Studio Solution File, Format Version 12.00
# Visual Studio Version 17
VisualStudioVersion = 17.6.33829.357
MinimumVisualStudioVersion = 10.0.40219.1
Project("{FAE04EC0-301F-11D3-BF4B-00C04F79EFBC}") = "TodoApiSwag", "TodoApiSwag\TodoApiSwag.csproj", "{BB198CBC-D990-46F4-BF9B-BAB3D80D3DAE}"
EndProject
Global
	GlobalSection(SolutionConfigurationPlatforms) = preSolution
		Debug|Any CPU = Debug|Any CPU
		Release|Any CPU = Release|Any CPU
	EndGlobalSection
	GlobalSection(ProjectConfigurationPlatforms) = postSolution
		{BB198CBC-D990-46F4-BF9B-BAB3D80D3DAE}.Debug|Any CPU.ActiveCfg = Debug|Any CPU
		{BB198CBC-D990-46F4-BF9B-BAB3D80D3DAE}.Debug|Any CPU.Build.0 = Debug|Any CPU
		{BB198CBC-D990-46F4-BF9B-BAB3D80D3DAE}.Release|Any CPU.ActiveCfg = Release|Any CPU
		{BB198CBC-D990-46F4-BF9B-BAB3D80D3DAE}.Release|Any CPU.Build.0 = Release|Any CPU
	EndGlobalSection
	GlobalSection(SolutionProperties) = preSolution
		HideSolutionNode = FALSE
	EndGlobalSection
	GlobalSection(ExtensibilityGlobals) = postSolution
		SolutionGuid = {A16FBDE2-ADB4-46BA-8398-EFF4335B949E}
	EndGlobalSection
EndGlobal
